
Microsoft Visual Studio Solution File, Format Version 12.00
# Visual Studio Version 17
VisualStudioVersion = 17.10.34916.146
MinimumVisualStudioVersion = 10.0.40219.1
Project("{FAE04EC0-301F-11D3-BF4B-00C04F79EFBC}") = "NetLead", "NetLead\NetLead.csproj", "{B61E413B-5E51-4CD9-A7B1-46F02C7505E1}"
EndProject
Project("{FAE04EC0-301F-11D3-BF4B-00C04F79EFBC}") = "NetLeadTests", "NetLeadTests\NetLeadTests.csproj", "{9C737363-5EDC-43A4-8E12-6EF6C4D0BDF8}"
EndProject
Global
	GlobalSection(SolutionConfigurationPlatforms) = preSolution
		Debug|Any CPU = Debug|Any CPU
		Release|Any CPU = Release|Any CPU
	EndGlobalSection
	GlobalSection(ProjectConfigurationPlatforms) = postSolution
		{B61E413B-5E51-4CD9-A7B1-46F02C7505E1}.Debug|Any CPU.ActiveCfg = Debug|Any CPU
		{B61E413B-5E51-4CD9-A7B1-46F02C7505E1}.Debug|Any CPU.Build.0 = Debug|Any CPU
		{B61E413B-5E51-4CD9-A7B1-46F02C7505E1}.Release|Any CPU.ActiveCfg = Release|Any CPU
		{B61E413B-5E51-4CD9-A7B1-46F02C7505E1}.Release|Any CPU.Build.0 = Release|Any CPU
		{9C737363-5EDC-43A4-8E12-6EF6C4D0BDF8}.Debug|Any CPU.ActiveCfg = Debug|Any CPU
		{9C737363-5EDC-43A4-8E12-6EF6C4D0BDF8}.Debug|Any CPU.Build.0 = Debug|Any CPU
		{9C737363-5EDC-43A4-8E12-6EF6C4D0BDF8}.Release|Any CPU.ActiveCfg = Release|Any CPU
		{9C737363-5EDC-43A4-8E12-6EF6C4D0BDF8}.Release|Any CPU.Build.0 = Release|Any CPU
	EndGlobalSection
	GlobalSection(SolutionProperties) = preSolution
		HideSolutionNode = FALSE
	EndGlobalSection
	GlobalSection(ExtensibilityGlobals) = postSolution
		SolutionGuid = {97DD708B-6758-4887-9BA4-828BE27A8C5C}
	EndGlobalSection
EndGlobal
